
Microsoft Visual Studio Solution File, Format Version 12.00
Project("{7BDAF4E9-D186-4AC8-9CAC-4BEB9EFD52B8}") = "GTFO_SimpleProgression", "GTFO_SimpleProgression\GTFO_SimpleProgression.csproj", "{B3E2DF11-8ABA-4539-A50D-0C81CF3948C9}"
EndProject
Project("{2150E333-8FDC-42A3-9474-1A3956D46DE8}") = "Solution Items", "Solution Items", "{5B92992E-C6F4-4AD7-BCA6-4DBE2B1364BD}"
	ProjectSection(SolutionItems) = preProject
		GameFolder.props = GameFolder.props
		Dependencies.props = Dependencies.props
		README.md = README.md
		CHANGELOG.md = CHANGELOG.md
		icon.png = icon.png
		ManifestInfo.props = ManifestInfo.props
	EndProjectSection
EndProject
Global
	GlobalSection(SolutionConfigurationPlatforms) = preSolution
		Debug|Any CPU = Debug|Any CPU
		Release|Any CPU = Release|Any CPU
	EndGlobalSection
	GlobalSection(ProjectConfigurationPlatforms) = postSolution
		{B3E2DF11-8ABA-4539-A50D-0C81CF3948C9}.Debug|Any CPU.ActiveCfg = Debug|Any CPU
		{B3E2DF11-8ABA-4539-A50D-0C81CF3948C9}.Debug|Any CPU.Build.0 = Debug|Any CPU
		{B3E2DF11-8ABA-4539-A50D-0C81CF3948C9}.Release|Any CPU.ActiveCfg = Release|Any CPU
		{B3E2DF11-8ABA-4539-A50D-0C81CF3948C9}.Release|Any CPU.Build.0 = Release|Any CPU
	EndGlobalSection
EndGlobal
